
Microsoft Visual Studio Solution File, Format Version 12.00
# Visual Studio Version 16
VisualStudioVersion = 16.0.29905.134
MinimumVisualStudioVersion = 10.0.40219.1
Project("{2150E333-8FDC-42A3-9474-1A3956D46DE8}") = "Aplicaciones", "Aplicaciones", "{03AE2CBC-C019-48C7-BFE9-328050C8EF81}"
EndProject
Project("{2150E333-8FDC-42A3-9474-1A3956D46DE8}") = "Global", "Global", "{859BB0D9-0B97-444B-987E-41C2199D77DE}"
EndProject
Project("{2150E333-8FDC-42A3-9474-1A3956D46DE8}") = "Dominio", "Dominio", "{C2AC282C-4064-4AF8-9D5E-590EA0430437}"
EndProject
Project("{2150E333-8FDC-42A3-9474-1A3956D46DE8}") = "ServiciosAplicacion", "ServiciosAplicacion", "{B1DAF398-DFFE-4089-BE3D-5C6AB8223327}"
EndProject
Project("{2150E333-8FDC-42A3-9474-1A3956D46DE8}") = "Infraestructura", "Infraestructura", "{E25F0979-8379-4269-B069-70EBA200F7FD}"
EndProject
Project("{2150E333-8FDC-42A3-9474-1A3956D46DE8}") = "Web", "Web", "{F2B04B0D-E729-44E4-A310-B77ECC1F531A}"
EndProject
Project("{9A19103F-16F7-4668-BE54-9A1E7A4F7556}") = "AQ", "Aplicaciones\Web\AQ.API\AQ.csproj", "{A2E00DB0-9F18-4BBB-88CB-D357A1F94909}"
EndProject
Project("{9A19103F-16F7-4668-BE54-9A1E7A4F7556}") = "AQ.Dominio", "Dominio\AQ.Dominio\AQ.Dominio.csproj", "{6E30B077-F4E8-4208-9868-3F71C0D0BE95}"
EndProject
Project("{9A19103F-16F7-4668-BE54-9A1E7A4F7556}") = "AQ.DTOs", "Global\AQ.DTOs\AQ.DTOs.csproj", "{F1D4C6C2-EBF3-4725-954F-5CBD19A4D4FD}"
EndProject
Project("{9A19103F-16F7-4668-BE54-9A1E7A4F7556}") = "AQ.Utilidades", "Global\AQ.Utilidades\AQ.Utilidades.csproj", "{82D6199C-619A-428E-9864-77C1909194FE}"
EndProject
Project("{9A19103F-16F7-4668-BE54-9A1E7A4F7556}") = "AQ.Global", "Global\AQ.Global\AQ.Global.csproj", "{EBE53E90-D951-4C2C-9FD9-C465D09926C7}"
EndProject
Project("{9A19103F-16F7-4668-BE54-9A1E7A4F7556}") = "AQ.Infraestructura", "Infraestructura\AQ.Infraestructura\AQ.Infraestructura.csproj", "{27BD9801-C4E8-4A45-BA91-D294A3AB9459}"
EndProject
Project("{9A19103F-16F7-4668-BE54-9A1E7A4F7556}") = "AQ.ServiciosAplicacion", "ServiciosAplicacion\AQ.ServiciosAplicacion\AQ.ServiciosAplicacion.csproj", "{C492FF5B-7916-47DD-861E-26D1325F2D99}"
EndProject
Global
	GlobalSection(SolutionConfigurationPlatforms) = preSolution
		Debug|Any CPU = Debug|Any CPU
		Release|Any CPU = Release|Any CPU
	EndGlobalSection
	GlobalSection(ProjectConfigurationPlatforms) = postSolution
		{A2E00DB0-9F18-4BBB-88CB-D357A1F94909}.Debug|Any CPU.ActiveCfg = Debug|Any CPU
		{A2E00DB0-9F18-4BBB-88CB-D357A1F94909}.Debug|Any CPU.Build.0 = Debug|Any CPU
		{A2E00DB0-9F18-4BBB-88CB-D357A1F94909}.Release|Any CPU.ActiveCfg = Release|Any CPU
		{A2E00DB0-9F18-4BBB-88CB-D357A1F94909}.Release|Any CPU.Build.0 = Release|Any CPU
		{6E30B077-F4E8-4208-9868-3F71C0D0BE95}.Debug|Any CPU.ActiveCfg = Debug|Any CPU
		{6E30B077-F4E8-4208-9868-3F71C0D0BE95}.Debug|Any CPU.Build.0 = Debug|Any CPU
		{6E30B077-F4E8-4208-9868-3F71C0D0BE95}.Release|Any CPU.ActiveCfg = Release|Any CPU
		{6E30B077-F4E8-4208-9868-3F71C0D0BE95}.Release|Any CPU.Build.0 = Release|Any CPU
		{F1D4C6C2-EBF3-4725-954F-5CBD19A4D4FD}.Debug|Any CPU.ActiveCfg = Debug|Any CPU
		{F1D4C6C2-EBF3-4725-954F-5CBD19A4D4FD}.Debug|Any CPU.Build.0 = Debug|Any CPU
		{F1D4C6C2-EBF3-4725-954F-5CBD19A4D4FD}.Release|Any CPU.ActiveCfg = Release|Any CPU
		{F1D4C6C2-EBF3-4725-954F-5CBD19A4D4FD}.Release|Any CPU.Build.0 = Release|Any CPU
		{82D6199C-619A-428E-9864-77C1909194FE}.Debug|Any CPU.ActiveCfg = Debug|Any CPU
		{82D6199C-619A-428E-9864-77C1909194FE}.Debug|Any CPU.Build.0 = Debug|Any CPU
		{82D6199C-619A-428E-9864-77C1909194FE}.Release|Any CPU.ActiveCfg = Release|Any CPU
		{82D6199C-619A-428E-9864-77C1909194FE}.Release|Any CPU.Build.0 = Release|Any CPU
		{EBE53E90-D951-4C2C-9FD9-C465D09926C7}.Debug|Any CPU.ActiveCfg = Debug|Any CPU
		{EBE53E90-D951-4C2C-9FD9-C465D09926C7}.Debug|Any CPU.Build.0 = Debug|Any CPU
		{EBE53E90-D951-4C2C-9FD9-C465D09926C7}.Release|Any CPU.ActiveCfg = Release|Any CPU
		{EBE53E90-D951-4C2C-9FD9-C465D09926C7}.Release|Any CPU.Build.0 = Release|Any CPU
		{27BD9801-C4E8-4A45-BA91-D294A3AB9459}.Debug|Any CPU.ActiveCfg = Debug|Any CPU
		{27BD9801-C4E8-4A45-BA91-D294A3AB9459}.Debug|Any CPU.Build.0 = Debug|Any CPU
		{27BD9801-C4E8-4A45-BA91-D294A3AB9459}.Release|Any CPU.ActiveCfg = Release|Any CPU
		{27BD9801-C4E8-4A45-BA91-D294A3AB9459}.Release|Any CPU.Build.0 = Release|Any CPU
		{C492FF5B-7916-47DD-861E-26D1325F2D99}.Debug|Any CPU.ActiveCfg = Debug|Any CPU
		{C492FF5B-7916-47DD-861E-26D1325F2D99}.Debug|Any CPU.Build.0 = Debug|Any CPU
		{C492FF5B-7916-47DD-861E-26D1325F2D99}.Release|Any CPU.ActiveCfg = Release|Any CPU
		{C492FF5B-7916-47DD-861E-26D1325F2D99}.Release|Any CPU.Build.0 = Release|Any CPU
	EndGlobalSection
	GlobalSection(SolutionProperties) = preSolution
		HideSolutionNode = FALSE
	EndGlobalSection
	GlobalSection(NestedProjects) = preSolution
		{F2B04B0D-E729-44E4-A310-B77ECC1F531A} = {03AE2CBC-C019-48C7-BFE9-328050C8EF81}
		{A2E00DB0-9F18-4BBB-88CB-D357A1F94909} = {F2B04B0D-E729-44E4-A310-B77ECC1F531A}
		{6E30B077-F4E8-4208-9868-3F71C0D0BE95} = {C2AC282C-4064-4AF8-9D5E-590EA0430437}
		{F1D4C6C2-EBF3-4725-954F-5CBD19A4D4FD} = {859BB0D9-0B97-444B-987E-41C2199D77DE}
		{82D6199C-619A-428E-9864-77C1909194FE} = {859BB0D9-0B97-444B-987E-41C2199D77DE}
		{EBE53E90-D951-4C2C-9FD9-C465D09926C7} = {859BB0D9-0B97-444B-987E-41C2199D77DE}
		{27BD9801-C4E8-4A45-BA91-D294A3AB9459} = {E25F0979-8379-4269-B069-70EBA200F7FD}
		{C492FF5B-7916-47DD-861E-26D1325F2D99} = {B1DAF398-DFFE-4089-BE3D-5C6AB8223327}
	EndGlobalSection
	GlobalSection(ExtensibilityGlobals) = postSolution
		SolutionGuid = {A72958BA-FF60-40BA-9EA6-3B7024488C84}
	EndGlobalSection
EndGlobal
